
Microsoft Visual Studio Solution File, Format Version 12.00
# Visual Studio Version 17
VisualStudioVersion = 17.3.32922.545
MinimumVisualStudioVersion = 10.0.40219.1
Project("{FAE04EC0-301F-11D3-BF4B-00C04F79EFBC}") = "BaiTap", "BaiTap\BaiTap.csproj", "{DA4CA11B-EF16-485D-8804-F9741191BFDD}"
EndProject
Global
	GlobalSection(SolutionConfigurationPlatforms) = preSolution
		Debug|Any CPU = Debug|Any CPU
		Release|Any CPU = Release|Any CPU
	EndGlobalSection
	GlobalSection(ProjectConfigurationPlatforms) = postSolution
		{DA4CA11B-EF16-485D-8804-F9741191BFDD}.Debug|Any CPU.ActiveCfg = Debug|Any CPU
		{DA4CA11B-EF16-485D-8804-F9741191BFDD}.Debug|Any CPU.Build.0 = Debug|Any CPU
		{DA4CA11B-EF16-485D-8804-F9741191BFDD}.Release|Any CPU.ActiveCfg = Release|Any CPU
		{DA4CA11B-EF16-485D-8804-F9741191BFDD}.Release|Any CPU.Build.0 = Release|Any CPU
	EndGlobalSection
	GlobalSection(SolutionProperties) = preSolution
		HideSolutionNode = FALSE
	EndGlobalSection
	GlobalSection(ExtensibilityGlobals) = postSolution
		SolutionGuid = {DBD57A34-8CAE-4AB9-B7E9-7FA00D242A5B}
	EndGlobalSection
EndGlobal
